// !$*UTF8*$!
{
	archiveVersion = 1;
	classes = {
	};
	objectVersion = 56;
	objects = {

/* Begin PBXBuildFile section */
		A8A6869E2B7631FF002E38ED /* AppDelegate.swift in Sources */ = {isa = PBXBuildFile; fileRef = A8A6869D2B7631FF002E38ED /* AppDelegate.swift */; };
		A8A686A02B7631FF002E38ED /* SceneDelegate.swift in Sources */ = {isa = PBXBuildFile; fileRef = A8A6869F2B7631FF002E38ED /* SceneDelegate.swift */; };
		A8A686A22B7631FF002E38ED /* HomeController.swift in Sources */ = {isa = PBXBuildFile; fileRef = A8A686A12B7631FF002E38ED /* HomeController.swift */; };
		A8A686A72B763201002E38ED /* Assets.xcassets in Resources */ = {isa = PBXBuildFile; fileRef = A8A686A62B763201002E38ED /* Assets.xcassets */; };
		A8A686AA2B763201002E38ED /* LaunchScreen.storyboard in Resources */ = {isa = PBXBuildFile; fileRef = A8A686A82B763201002E38ED /* LaunchScreen.storyboard */; };
		A8A686B52B763202002E38ED /* CastGalleryTests.swift in Sources */ = {isa = PBXBuildFile; fileRef = A8A686B42B763202002E38ED /* CastGalleryTests.swift */; };
		A8A686BF2B763202002E38ED /* CastGalleryUITests.swift in Sources */ = {isa = PBXBuildFile; fileRef = A8A686BE2B763202002E38ED /* CastGalleryUITests.swift */; };
		A8A686C12B763202002E38ED /* CastGalleryUITestsLaunchTests.swift in Sources */ = {isa = PBXBuildFile; fileRef = A8A686C02B763202002E38ED /* CastGalleryUITestsLaunchTests.swift */; };
		A8A686EA2B764426002E38ED /* Coordinator.swift in Sources */ = {isa = PBXBuildFile; fileRef = A8A686E92B764426002E38ED /* Coordinator.swift */; };
		A8A686ED2B7644A7002E38ED /* AppCoordinator.swift in Sources */ = {isa = PBXBuildFile; fileRef = A8A686EC2B7644A7002E38ED /* AppCoordinator.swift */; };
		A8A686EF2B764520002E38ED /* AppFactory.swift in Sources */ = {isa = PBXBuildFile; fileRef = A8A686EE2B764520002E38ED /* AppFactory.swift */; };
		A8A686F12B765666002E38ED /* HomeCoordinator.swift in Sources */ = {isa = PBXBuildFile; fileRef = A8A686F02B765666002E38ED /* HomeCoordinator.swift */; };
		A8A686F32B7656C7002E38ED /* HomeFactory.swift in Sources */ = {isa = PBXBuildFile; fileRef = A8A686F22B7656C7002E38ED /* HomeFactory.swift */; };
		A8A686F62B76620C002E38ED /* HomeItemCell.swift in Sources */ = {isa = PBXBuildFile; fileRef = A8A686F52B76620C002E38ED /* HomeItemCell.swift */; };
		A8A686F82B766401002E38ED /* UIView+Constraints.swift in Sources */ = {isa = PBXBuildFile; fileRef = A8A686F72B766401002E38ED /* UIView+Constraints.swift */; };
		A8A686FA2B7667DC002E38ED /* Reusable.swift in Sources */ = {isa = PBXBuildFile; fileRef = A8A686F92B7667DC002E38ED /* Reusable.swift */; };
		A8A687002B77CA34002E38ED /* MenuRepository.swift in Sources */ = {isa = PBXBuildFile; fileRef = A8A686FF2B77CA34002E38ED /* MenuRepository.swift */; };
		A8A687032B77CAA0002E38ED /* MenuItem.swift in Sources */ = {isa = PBXBuildFile; fileRef = A8A687022B77CAA0002E38ED /* MenuItem.swift */; };
		A8A687062B77CB4A002E38ED /* MenuRepositoryImplementation.swift in Sources */ = {isa = PBXBuildFile; fileRef = A8A687052B77CB4A002E38ED /* MenuRepositoryImplementation.swift */; };
		A8A687092B77CC12002E38ED /* LoadMenuUseCase.swift in Sources */ = {isa = PBXBuildFile; fileRef = A8A687082B77CC12002E38ED /* LoadMenuUseCase.swift */; };
		A8A6870D2B77CD4B002E38ED /* HomeViewModel.swift in Sources */ = {isa = PBXBuildFile; fileRef = A8A6870C2B77CD4B002E38ED /* HomeViewModel.swift */; };
		A8A6870F2B77CE9B002E38ED /* StateController.swift in Sources */ = {isa = PBXBuildFile; fileRef = A8A6870E2B77CE9B002E38ED /* StateController.swift */; };
		A8A687112B77CFBC002E38ED /* HomeItemViewModel.swift in Sources */ = {isa = PBXBuildFile; fileRef = A8A687102B77CFBC002E38ED /* HomeItemViewModel.swift */; };
		A8A687142B77DD07002E38ED /* ApiClientService.swift in Sources */ = {isa = PBXBuildFile; fileRef = A8A687132B77DD07002E38ED /* ApiClientService.swift */; };
		A8A687172B77DDA1002E38ED /* ApiClientServiceImplementation.swift in Sources */ = {isa = PBXBuildFile; fileRef = A8A687162B77DDA1002E38ED /* ApiClientServiceImplementation.swift */; };
		A8A6871A2B77DE6B002E38ED /* ApiError.swift in Sources */ = {isa = PBXBuildFile; fileRef = A8A687192B77DE6B002E38ED /* ApiError.swift */; };
		A8A6871D2B77E48A002E38ED /* HttpResponseStatus.swift in Sources */ = {isa = PBXBuildFile; fileRef = A8A6871C2B77E48A002E38ED /* HttpResponseStatus.swift */; };
		A8A687202B77E857002E38ED /* MenuDTO.swift in Sources */ = {isa = PBXBuildFile; fileRef = A8A6871F2B77E857002E38ED /* MenuDTO.swift */; };
		A8A687222B77E913002E38ED /* MenuDto+Mapper.swift in Sources */ = {isa = PBXBuildFile; fileRef = A8A687212B77E913002E38ED /* MenuDto+Mapper.swift */; };
		A8A687242B77E98A002E38ED /* PropertyIterator.swift in Sources */ = {isa = PBXBuildFile; fileRef = A8A687232B77E98A002E38ED /* PropertyIterator.swift */; };
		A8A687262B77EBD2002E38ED /* Endpoint.swift in Sources */ = {isa = PBXBuildFile; fileRef = A8A687252B77EBD2002E38ED /* Endpoint.swift */; };
		A8A687292B7808EB002E38ED /* SpinnerDisplayable.swift in Sources */ = {isa = PBXBuildFile; fileRef = A8A687282B7808EB002E38ED /* SpinnerDisplayable.swift */; };
		A8A6872B2B780972002E38ED /* ViewVlaues.swift in Sources */ = {isa = PBXBuildFile; fileRef = A8A6872A2B780972002E38ED /* ViewVlaues.swift */; };
		A8A6872D2B780D05002E38ED /* MessageDisplayable.swift in Sources */ = {isa = PBXBuildFile; fileRef = A8A6872C2B780D05002E38ED /* MessageDisplayable.swift */; };
		A8A6872F2B7813E8002E38ED /* AppLocalized.swift in Sources */ = {isa = PBXBuildFile; fileRef = A8A6872E2B7813E8002E38ED /* AppLocalized.swift */; };
		A8A687312B7815EC002E38ED /* Images.swift in Sources */ = {isa = PBXBuildFile; fileRef = A8A687302B7815EC002E38ED /* Images.swift */; };
		A8A687332B781B94002E38ED /* CharactersFactory.swift in Sources */ = {isa = PBXBuildFile; fileRef = A8A687322B781B94002E38ED /* CharactersFactory.swift */; };
		A8A687362B781C5D002E38ED /* CharactersViewController.swift in Sources */ = {isa = PBXBuildFile; fileRef = A8A687352B781C5D002E38ED /* CharactersViewController.swift */; };
		A8A687382B781DBB002E38ED /* CharactersCoordinator.swift in Sources */ = {isa = PBXBuildFile; fileRef = A8A687372B781DBB002E38ED /* CharactersCoordinator.swift */; };
		A8A6873B2B78324F002E38ED /* CharacterItemTableViewCell.swift in Sources */ = {isa = PBXBuildFile; fileRef = A8A6873A2B78324F002E38ED /* CharacterItemTableViewCell.swift */; };
		A8A6873D2B78A210002E38ED /* Character.swift in Sources */ = {isa = PBXBuildFile; fileRef = A8A6873C2B78A20F002E38ED /* Character.swift */; };
		A8A687412B78A306002E38ED /* CharacterStatus.swift in Sources */ = {isa = PBXBuildFile; fileRef = A8A687402B78A306002E38ED /* CharacterStatus.swift */; };
		A8A687432B78A3FC002E38ED /* String+Empty.swift in Sources */ = {isa = PBXBuildFile; fileRef = A8A687422B78A3FC002E38ED /* String+Empty.swift */; };
		A8A687452B78A54F002E38ED /* Specie.swift in Sources */ = {isa = PBXBuildFile; fileRef = A8A687442B78A54F002E38ED /* Specie.swift */; };
		A8A687472B78A7D7002E38ED /* Origin.swift in Sources */ = {isa = PBXBuildFile; fileRef = A8A687462B78A7D7002E38ED /* Origin.swift */; };
		A8A687492B78A80F002E38ED /* Location.swift in Sources */ = {isa = PBXBuildFile; fileRef = A8A687482B78A80F002E38ED /* Location.swift */; };
		A8A6874D2B78A89E002E38ED /* ResultCharactersDTO.swift in Sources */ = {isa = PBXBuildFile; fileRef = A8A6874C2B78A89E002E38ED /* ResultCharactersDTO.swift */; };
		A8A6874F2B78A8F7002E38ED /* CharacterDTO.swift in Sources */ = {isa = PBXBuildFile; fileRef = A8A6874E2B78A8F7002E38ED /* CharacterDTO.swift */; };
		A8A687522B78A9F4002E38ED /* OriginDTO.swift in Sources */ = {isa = PBXBuildFile; fileRef = A8A687512B78A9F4002E38ED /* OriginDTO.swift */; };
		A8A687542B78A9FB002E38ED /* LocationDTO.swift in Sources */ = {isa = PBXBuildFile; fileRef = A8A687532B78A9FB002E38ED /* LocationDTO.swift */; };
		A8A687562B78AA91002E38ED /* InfoDTO.swift in Sources */ = {isa = PBXBuildFile; fileRef = A8A687552B78AA91002E38ED /* InfoDTO.swift */; };
		A8A6875A2B78AB7C002E38ED /* CharactersRepository.swift in Sources */ = {isa = PBXBuildFile; fileRef = A8A687592B78AB7C002E38ED /* CharactersRepository.swift */; };
		A8A6875C2B78AC17002E38ED /* Info.swift in Sources */ = {isa = PBXBuildFile; fileRef = A8A6875B2B78AC17002E38ED /* Info.swift */; };
		A8A6875F2B78ACAB002E38ED /* CharactersRepositoryImplementation.swift in Sources */ = {isa = PBXBuildFile; fileRef = A8A6875E2B78ACAB002E38ED /* CharactersRepositoryImplementation.swift */; };
		A8A687612B78ADC4002E38ED /* ResultCharactersDTO+Mapping.swift in Sources */ = {isa = PBXBuildFile; fileRef = A8A687602B78ADC4002E38ED /* ResultCharactersDTO+Mapping.swift */; };
		A8A687642B78BC1F002E38ED /* LoadCharactersUseCase.swift in Sources */ = {isa = PBXBuildFile; fileRef = A8A687632B78BC1F002E38ED /* LoadCharactersUseCase.swift */; };
		A8A687682B78BEC2002E38ED /* CharactersViewModel.swift in Sources */ = {isa = PBXBuildFile; fileRef = A8A687672B78BEC2002E38ED /* CharactersViewModel.swift */; };
		A8A6876A2B78BF62002E38ED /* CharacterItemViewModel.swift in Sources */ = {isa = PBXBuildFile; fileRef = A8A687692B78BF62002E38ED /* CharacterItemViewModel.swift */; };
		A8A6876D2B78C321002E38ED /* BaseViewModel.swift in Sources */ = {isa = PBXBuildFile; fileRef = A8A6876C2B78C321002E38ED /* BaseViewModel.swift */; };
		A8A6876F2B78D0B6002E38ED /* UITableViewController+SpinnerLast.swift in Sources */ = {isa = PBXBuildFile; fileRef = A8A6876E2B78D0B6002E38ED /* UITableViewController+SpinnerLast.swift */; };
		A8A687712B790844002E38ED /* LastPageValidationUseCase.swift in Sources */ = {isa = PBXBuildFile; fileRef = A8A687702B790844002E38ED /* LastPageValidationUseCase.swift */; };
		A8A687732B791198002E38ED /* RemoteImageDataService.swift in Sources */ = {isa = PBXBuildFile; fileRef = A8A687722B791198002E38ED /* RemoteImageDataService.swift */; };
		A8A687752B79127D002E38ED /* ApiClientServiceImplementation+RemoteImageDataService.swift in Sources */ = {isa = PBXBuildFile; fileRef = A8A687742B79127D002E38ED /* ApiClientServiceImplementation+RemoteImageDataService.swift */; };
		A8A687772B7931BC002E38ED /* LocalDataImageService.swift in Sources */ = {isa = PBXBuildFile; fileRef = A8A687762B7931BC002E38ED /* LocalDataImageService.swift */; };
		A8A6877A2B793402002E38ED /* ImageDataRepository.swift in Sources */ = {isa = PBXBuildFile; fileRef = A8A687792B793402002E38ED /* ImageDataRepository.swift */; };
		A8A6877D2B7934C2002E38ED /* ImageDataRepositoryImplementation.swift in Sources */ = {isa = PBXBuildFile; fileRef = A8A6877C2B7934C2002E38ED /* ImageDataRepositoryImplementation.swift */; };
		A8A687802B793652002E38ED /* ImageDataUseCase.swift in Sources */ = {isa = PBXBuildFile; fileRef = A8A6877F2B793652002E38ED /* ImageDataUseCase.swift */; };
		A8A687822B7938EF002E38ED /* AppContainer.swift in Sources */ = {isa = PBXBuildFile; fileRef = A8A687812B7938EF002E38ED /* AppContainer.swift */; };
		A8A687842B793F8B002E38ED /* UIImageView+Utils.swift in Sources */ = {isa = PBXBuildFile; fileRef = A8A687832B793F8B002E38ED /* UIImageView+Utils.swift */; };
		A8A687872B79E033002E38ED /* CharacterDetailViewController.swift in Sources */ = {isa = PBXBuildFile; fileRef = A8A687862B79E033002E38ED /* CharacterDetailViewController.swift */; };
		A8A687892B79E08E002E38ED /* CharacterDetailCoordinator.swift in Sources */ = {isa = PBXBuildFile; fileRef = A8A687882B79E08E002E38ED /* CharacterDetailCoordinator.swift */; };
		A8A6878B2B79E0DE002E38ED /* CharacterDetailFactory.swift in Sources */ = {isa = PBXBuildFile; fileRef = A8A6878A2B79E0DE002E38ED /* CharacterDetailFactory.swift */; };
		A8A687902B79E660002E38ED /* CharacterDetailRepository.swift in Sources */ = {isa = PBXBuildFile; fileRef = A8A6878F2B79E660002E38ED /* CharacterDetailRepository.swift */; };
		A8A687932B79E70C002E38ED /* CharacterDetailRepositoryImplementation.swift in Sources */ = {isa = PBXBuildFile; fileRef = A8A687922B79E70C002E38ED /* CharacterDetailRepositoryImplementation.swift */; };
		A8A687962B79E843002E38ED /* CharacterDTO+Mapping.swift in Sources */ = {isa = PBXBuildFile; fileRef = A8A687952B79E843002E38ED /* CharacterDTO+Mapping.swift */; };
/* End PBXBuildFile section */

/* Begin PBXContainerItemProxy section */
		A8A686B12B763202002E38ED /* PBXContainerItemProxy */ = {
			isa = PBXContainerItemProxy;
			containerPortal = A8A686922B7631FF002E38ED /* Project object */;
			proxyType = 1;
			remoteGlobalIDString = A8A686992B7631FF002E38ED;
			remoteInfo = CastGallery;
		};
		A8A686BB2B763202002E38ED /* PBXContainerItemProxy */ = {
			isa = PBXContainerItemProxy;
			containerPortal = A8A686922B7631FF002E38ED /* Project object */;
			proxyType = 1;
			remoteGlobalIDString = A8A686992B7631FF002E38ED;
			remoteInfo = CastGallery;
		};
/* End PBXContainerItemProxy section */

/* Begin PBXFileReference section */
		A8A6869A2B7631FF002E38ED /* CastGallery.app */ = {isa = PBXFileReference; explicitFileType = wrapper.application; includeInIndex = 0; path = CastGallery.app; sourceTree = BUILT_PRODUCTS_DIR; };
		A8A6869D2B7631FF002E38ED /* AppDelegate.swift */ = {isa = PBXFileReference; lastKnownFileType = sourcecode.swift; path = AppDelegate.swift; sourceTree = "<group>"; };
		A8A6869F2B7631FF002E38ED /* SceneDelegate.swift */ = {isa = PBXFileReference; lastKnownFileType = sourcecode.swift; path = SceneDelegate.swift; sourceTree = "<group>"; };
		A8A686A12B7631FF002E38ED /* HomeController.swift */ = {isa = PBXFileReference; lastKnownFileType = sourcecode.swift; path = HomeController.swift; sourceTree = "<group>"; };
		A8A686A62B763201002E38ED /* Assets.xcassets */ = {isa = PBXFileReference; lastKnownFileType = folder.assetcatalog; path = Assets.xcassets; sourceTree = "<group>"; };
		A8A686A92B763201002E38ED /* Base */ = {isa = PBXFileReference; lastKnownFileType = file.storyboard; name = Base; path = Base.lproj/LaunchScreen.storyboard; sourceTree = "<group>"; };
		A8A686AB2B763201002E38ED /* Info.plist */ = {isa = PBXFileReference; lastKnownFileType = text.plist.xml; path = Info.plist; sourceTree = "<group>"; };
		A8A686B02B763202002E38ED /* CastGalleryTests.xctest */ = {isa = PBXFileReference; explicitFileType = wrapper.cfbundle; includeInIndex = 0; path = CastGalleryTests.xctest; sourceTree = BUILT_PRODUCTS_DIR; };
		A8A686B42B763202002E38ED /* CastGalleryTests.swift */ = {isa = PBXFileReference; lastKnownFileType = sourcecode.swift; path = CastGalleryTests.swift; sourceTree = "<group>"; };
		A8A686BA2B763202002E38ED /* CastGalleryUITests.xctest */ = {isa = PBXFileReference; explicitFileType = wrapper.cfbundle; includeInIndex = 0; path = CastGalleryUITests.xctest; sourceTree = BUILT_PRODUCTS_DIR; };
		A8A686BE2B763202002E38ED /* CastGalleryUITests.swift */ = {isa = PBXFileReference; lastKnownFileType = sourcecode.swift; path = CastGalleryUITests.swift; sourceTree = "<group>"; };
		A8A686C02B763202002E38ED /* CastGalleryUITestsLaunchTests.swift */ = {isa = PBXFileReference; lastKnownFileType = sourcecode.swift; path = CastGalleryUITestsLaunchTests.swift; sourceTree = "<group>"; };
		A8A686E92B764426002E38ED /* Coordinator.swift */ = {isa = PBXFileReference; lastKnownFileType = sourcecode.swift; path = Coordinator.swift; sourceTree = "<group>"; };
		A8A686EC2B7644A7002E38ED /* AppCoordinator.swift */ = {isa = PBXFileReference; lastKnownFileType = sourcecode.swift; path = AppCoordinator.swift; sourceTree = "<group>"; };
		A8A686EE2B764520002E38ED /* AppFactory.swift */ = {isa = PBXFileReference; lastKnownFileType = sourcecode.swift; path = AppFactory.swift; sourceTree = "<group>"; };
		A8A686F02B765666002E38ED /* HomeCoordinator.swift */ = {isa = PBXFileReference; lastKnownFileType = sourcecode.swift; path = HomeCoordinator.swift; sourceTree = "<group>"; };
		A8A686F22B7656C7002E38ED /* HomeFactory.swift */ = {isa = PBXFileReference; lastKnownFileType = sourcecode.swift; path = HomeFactory.swift; sourceTree = "<group>"; };
		A8A686F52B76620C002E38ED /* HomeItemCell.swift */ = {isa = PBXFileReference; lastKnownFileType = sourcecode.swift; path = HomeItemCell.swift; sourceTree = "<group>"; };
		A8A686F72B766401002E38ED /* UIView+Constraints.swift */ = {isa = PBXFileReference; lastKnownFileType = sourcecode.swift; path = "UIView+Constraints.swift"; sourceTree = "<group>"; };
		A8A686F92B7667DC002E38ED /* Reusable.swift */ = {isa = PBXFileReference; lastKnownFileType = sourcecode.swift; path = Reusable.swift; sourceTree = "<group>"; };
		A8A686FF2B77CA34002E38ED /* MenuRepository.swift */ = {isa = PBXFileReference; lastKnownFileType = sourcecode.swift; path = MenuRepository.swift; sourceTree = "<group>"; };
		A8A687022B77CAA0002E38ED /* MenuItem.swift */ = {isa = PBXFileReference; lastKnownFileType = sourcecode.swift; path = MenuItem.swift; sourceTree = "<group>"; };
		A8A687052B77CB4A002E38ED /* MenuRepositoryImplementation.swift */ = {isa = PBXFileReference; lastKnownFileType = sourcecode.swift; path = MenuRepositoryImplementation.swift; sourceTree = "<group>"; };
		A8A687082B77CC12002E38ED /* LoadMenuUseCase.swift */ = {isa = PBXFileReference; lastKnownFileType = sourcecode.swift; path = LoadMenuUseCase.swift; sourceTree = "<group>"; };
		A8A6870C2B77CD4B002E38ED /* HomeViewModel.swift */ = {isa = PBXFileReference; lastKnownFileType = sourcecode.swift; path = HomeViewModel.swift; sourceTree = "<group>"; };
		A8A6870E2B77CE9B002E38ED /* StateController.swift */ = {isa = PBXFileReference; lastKnownFileType = sourcecode.swift; path = StateController.swift; sourceTree = "<group>"; };
		A8A687102B77CFBC002E38ED /* HomeItemViewModel.swift */ = {isa = PBXFileReference; lastKnownFileType = sourcecode.swift; path = HomeItemViewModel.swift; sourceTree = "<group>"; };
		A8A687132B77DD07002E38ED /* ApiClientService.swift */ = {isa = PBXFileReference; lastKnownFileType = sourcecode.swift; path = ApiClientService.swift; sourceTree = "<group>"; };
		A8A687162B77DDA1002E38ED /* ApiClientServiceImplementation.swift */ = {isa = PBXFileReference; lastKnownFileType = sourcecode.swift; path = ApiClientServiceImplementation.swift; sourceTree = "<group>"; };
		A8A687192B77DE6B002E38ED /* ApiError.swift */ = {isa = PBXFileReference; lastKnownFileType = sourcecode.swift; path = ApiError.swift; sourceTree = "<group>"; };
		A8A6871C2B77E48A002E38ED /* HttpResponseStatus.swift */ = {isa = PBXFileReference; lastKnownFileType = sourcecode.swift; path = HttpResponseStatus.swift; sourceTree = "<group>"; };
		A8A6871F2B77E857002E38ED /* MenuDTO.swift */ = {isa = PBXFileReference; lastKnownFileType = sourcecode.swift; path = MenuDTO.swift; sourceTree = "<group>"; };
		A8A687212B77E913002E38ED /* MenuDto+Mapper.swift */ = {isa = PBXFileReference; lastKnownFileType = sourcecode.swift; path = "MenuDto+Mapper.swift"; sourceTree = "<group>"; };
		A8A687232B77E98A002E38ED /* PropertyIterator.swift */ = {isa = PBXFileReference; lastKnownFileType = sourcecode.swift; path = PropertyIterator.swift; sourceTree = "<group>"; };
		A8A687252B77EBD2002E38ED /* Endpoint.swift */ = {isa = PBXFileReference; lastKnownFileType = sourcecode.swift; path = Endpoint.swift; sourceTree = "<group>"; };
		A8A687282B7808EB002E38ED /* SpinnerDisplayable.swift */ = {isa = PBXFileReference; lastKnownFileType = sourcecode.swift; path = SpinnerDisplayable.swift; sourceTree = "<group>"; };
		A8A6872A2B780972002E38ED /* ViewVlaues.swift */ = {isa = PBXFileReference; lastKnownFileType = sourcecode.swift; path = ViewVlaues.swift; sourceTree = "<group>"; };
		A8A6872C2B780D05002E38ED /* MessageDisplayable.swift */ = {isa = PBXFileReference; lastKnownFileType = sourcecode.swift; path = MessageDisplayable.swift; sourceTree = "<group>"; };
		A8A6872E2B7813E8002E38ED /* AppLocalized.swift */ = {isa = PBXFileReference; lastKnownFileType = sourcecode.swift; path = AppLocalized.swift; sourceTree = "<group>"; };
		A8A687302B7815EC002E38ED /* Images.swift */ = {isa = PBXFileReference; lastKnownFileType = sourcecode.swift; path = Images.swift; sourceTree = "<group>"; };
		A8A687322B781B94002E38ED /* CharactersFactory.swift */ = {isa = PBXFileReference; lastKnownFileType = sourcecode.swift; path = CharactersFactory.swift; sourceTree = "<group>"; };
		A8A687352B781C5D002E38ED /* CharactersViewController.swift */ = {isa = PBXFileReference; lastKnownFileType = sourcecode.swift; path = CharactersViewController.swift; sourceTree = "<group>"; };
		A8A687372B781DBB002E38ED /* CharactersCoordinator.swift */ = {isa = PBXFileReference; lastKnownFileType = sourcecode.swift; path = CharactersCoordinator.swift; sourceTree = "<group>"; };
		A8A6873A2B78324F002E38ED /* CharacterItemTableViewCell.swift */ = {isa = PBXFileReference; lastKnownFileType = sourcecode.swift; path = CharacterItemTableViewCell.swift; sourceTree = "<group>"; };
		A8A6873C2B78A20F002E38ED /* Character.swift */ = {isa = PBXFileReference; lastKnownFileType = sourcecode.swift; path = Character.swift; sourceTree = "<group>"; };
		A8A687402B78A306002E38ED /* CharacterStatus.swift */ = {isa = PBXFileReference; lastKnownFileType = sourcecode.swift; path = CharacterStatus.swift; sourceTree = "<group>"; };
		A8A687422B78A3FC002E38ED /* String+Empty.swift */ = {isa = PBXFileReference; lastKnownFileType = sourcecode.swift; path = "String+Empty.swift"; sourceTree = "<group>"; };
		A8A687442B78A54F002E38ED /* Specie.swift */ = {isa = PBXFileReference; lastKnownFileType = sourcecode.swift; path = Specie.swift; sourceTree = "<group>"; };
		A8A687462B78A7D7002E38ED /* Origin.swift */ = {isa = PBXFileReference; lastKnownFileType = sourcecode.swift; path = Origin.swift; sourceTree = "<group>"; };
		A8A687482B78A80F002E38ED /* Location.swift */ = {isa = PBXFileReference; lastKnownFileType = sourcecode.swift; path = Location.swift; sourceTree = "<group>"; };
		A8A6874C2B78A89E002E38ED /* ResultCharactersDTO.swift */ = {isa = PBXFileReference; lastKnownFileType = sourcecode.swift; path = ResultCharactersDTO.swift; sourceTree = "<group>"; };
		A8A6874E2B78A8F7002E38ED /* CharacterDTO.swift */ = {isa = PBXFileReference; lastKnownFileType = sourcecode.swift; path = CharacterDTO.swift; sourceTree = "<group>"; };
		A8A687512B78A9F4002E38ED /* OriginDTO.swift */ = {isa = PBXFileReference; lastKnownFileType = sourcecode.swift; path = OriginDTO.swift; sourceTree = "<group>"; };
		A8A687532B78A9FB002E38ED /* LocationDTO.swift */ = {isa = PBXFileReference; lastKnownFileType = sourcecode.swift; path = LocationDTO.swift; sourceTree = "<group>"; };
		A8A687552B78AA91002E38ED /* InfoDTO.swift */ = {isa = PBXFileReference; lastKnownFileType = sourcecode.swift; path = InfoDTO.swift; sourceTree = "<group>"; };
		A8A687592B78AB7C002E38ED /* CharactersRepository.swift */ = {isa = PBXFileReference; lastKnownFileType = sourcecode.swift; path = CharactersRepository.swift; sourceTree = "<group>"; };
		A8A6875B2B78AC17002E38ED /* Info.swift */ = {isa = PBXFileReference; lastKnownFileType = sourcecode.swift; path = Info.swift; sourceTree = "<group>"; };
		A8A6875E2B78ACAB002E38ED /* CharactersRepositoryImplementation.swift */ = {isa = PBXFileReference; lastKnownFileType = sourcecode.swift; path = CharactersRepositoryImplementation.swift; sourceTree = "<group>"; };
		A8A687602B78ADC4002E38ED /* ResultCharactersDTO+Mapping.swift */ = {isa = PBXFileReference; lastKnownFileType = sourcecode.swift; path = "ResultCharactersDTO+Mapping.swift"; sourceTree = "<group>"; };
		A8A687632B78BC1F002E38ED /* LoadCharactersUseCase.swift */ = {isa = PBXFileReference; lastKnownFileType = sourcecode.swift; path = LoadCharactersUseCase.swift; sourceTree = "<group>"; };
		A8A687672B78BEC2002E38ED /* CharactersViewModel.swift */ = {isa = PBXFileReference; lastKnownFileType = sourcecode.swift; path = CharactersViewModel.swift; sourceTree = "<group>"; };
		A8A687692B78BF62002E38ED /* CharacterItemViewModel.swift */ = {isa = PBXFileReference; lastKnownFileType = sourcecode.swift; path = CharacterItemViewModel.swift; sourceTree = "<group>"; };
		A8A6876C2B78C321002E38ED /* BaseViewModel.swift */ = {isa = PBXFileReference; lastKnownFileType = sourcecode.swift; path = BaseViewModel.swift; sourceTree = "<group>"; };
		A8A6876E2B78D0B6002E38ED /* UITableViewController+SpinnerLast.swift */ = {isa = PBXFileReference; lastKnownFileType = sourcecode.swift; path = "UITableViewController+SpinnerLast.swift"; sourceTree = "<group>"; };
		A8A687702B790844002E38ED /* LastPageValidationUseCase.swift */ = {isa = PBXFileReference; lastKnownFileType = sourcecode.swift; path = LastPageValidationUseCase.swift; sourceTree = "<group>"; };
		A8A687722B791198002E38ED /* RemoteImageDataService.swift */ = {isa = PBXFileReference; lastKnownFileType = sourcecode.swift; path = RemoteImageDataService.swift; sourceTree = "<group>"; };
		A8A687742B79127D002E38ED /* ApiClientServiceImplementation+RemoteImageDataService.swift */ = {isa = PBXFileReference; lastKnownFileType = sourcecode.swift; path = "ApiClientServiceImplementation+RemoteImageDataService.swift"; sourceTree = "<group>"; };
		A8A687762B7931BC002E38ED /* LocalDataImageService.swift */ = {isa = PBXFileReference; lastKnownFileType = sourcecode.swift; path = LocalDataImageService.swift; sourceTree = "<group>"; };
		A8A687792B793402002E38ED /* ImageDataRepository.swift */ = {isa = PBXFileReference; lastKnownFileType = sourcecode.swift; path = ImageDataRepository.swift; sourceTree = "<group>"; };
		A8A6877C2B7934C2002E38ED /* ImageDataRepositoryImplementation.swift */ = {isa = PBXFileReference; lastKnownFileType = sourcecode.swift; path = ImageDataRepositoryImplementation.swift; sourceTree = "<group>"; };
		A8A6877F2B793652002E38ED /* ImageDataUseCase.swift */ = {isa = PBXFileReference; lastKnownFileType = sourcecode.swift; path = ImageDataUseCase.swift; sourceTree = "<group>"; };
		A8A687812B7938EF002E38ED /* AppContainer.swift */ = {isa = PBXFileReference; lastKnownFileType = sourcecode.swift; path = AppContainer.swift; sourceTree = "<group>"; };
		A8A687832B793F8B002E38ED /* UIImageView+Utils.swift */ = {isa = PBXFileReference; lastKnownFileType = sourcecode.swift; path = "UIImageView+Utils.swift"; sourceTree = "<group>"; };
		A8A687862B79E033002E38ED /* CharacterDetailViewController.swift */ = {isa = PBXFileReference; lastKnownFileType = sourcecode.swift; path = CharacterDetailViewController.swift; sourceTree = "<group>"; };
		A8A687882B79E08E002E38ED /* CharacterDetailCoordinator.swift */ = {isa = PBXFileReference; lastKnownFileType = sourcecode.swift; path = CharacterDetailCoordinator.swift; sourceTree = "<group>"; };
		A8A6878A2B79E0DE002E38ED /* CharacterDetailFactory.swift */ = {isa = PBXFileReference; lastKnownFileType = sourcecode.swift; path = CharacterDetailFactory.swift; sourceTree = "<group>"; };
		A8A6878F2B79E660002E38ED /* CharacterDetailRepository.swift */ = {isa = PBXFileReference; lastKnownFileType = sourcecode.swift; path = CharacterDetailRepository.swift; sourceTree = "<group>"; };
		A8A687922B79E70C002E38ED /* CharacterDetailRepositoryImplementation.swift */ = {isa = PBXFileReference; lastKnownFileType = sourcecode.swift; path = CharacterDetailRepositoryImplementation.swift; sourceTree = "<group>"; };
		A8A687952B79E843002E38ED /* CharacterDTO+Mapping.swift */ = {isa = PBXFileReference; lastKnownFileType = sourcecode.swift; path = "CharacterDTO+Mapping.swift"; sourceTree = "<group>"; };
/* End PBXFileReference section */

/* Begin PBXFrameworksBuildPhase section */
		A8A686972B7631FF002E38ED /* Frameworks */ = {
			isa = PBXFrameworksBuildPhase;
			buildActionMask = 2147483647;
			files = (
			);
			runOnlyForDeploymentPostprocessing = 0;
		};
		A8A686AD2B763202002E38ED /* Frameworks */ = {
			isa = PBXFrameworksBuildPhase;
			buildActionMask = 2147483647;
			files = (
			);
			runOnlyForDeploymentPostprocessing = 0;
		};
		A8A686B72B763202002E38ED /* Frameworks */ = {
			isa = PBXFrameworksBuildPhase;
			buildActionMask = 2147483647;
			files = (
			);
			runOnlyForDeploymentPostprocessing = 0;
		};
/* End PBXFrameworksBuildPhase section */

/* Begin PBXGroup section */
		A8A686912B7631FF002E38ED = {
			isa = PBXGroup;
			children = (
				A8A6869C2B7631FF002E38ED /* CastGallery */,
				A8A686B32B763202002E38ED /* CastGalleryTests */,
				A8A686BD2B763202002E38ED /* CastGalleryUITests */,
				A8A6869B2B7631FF002E38ED /* Products */,
			);
			sourceTree = "<group>";
		};
		A8A6869B2B7631FF002E38ED /* Products */ = {
			isa = PBXGroup;
			children = (
				A8A6869A2B7631FF002E38ED /* CastGallery.app */,
				A8A686B02B763202002E38ED /* CastGalleryTests.xctest */,
				A8A686BA2B763202002E38ED /* CastGalleryUITests.xctest */,
			);
			name = Products;
			sourceTree = "<group>";
		};
		A8A6869C2B7631FF002E38ED /* CastGallery */ = {
			isa = PBXGroup;
			children = (
				A8A686CD2B763399002E38ED /* App */,
				A8A686AB2B763201002E38ED /* Info.plist */,
			);
			path = CastGallery;
			sourceTree = "<group>";
		};
		A8A686B32B763202002E38ED /* CastGalleryTests */ = {
			isa = PBXGroup;
			children = (
				A8A686B42B763202002E38ED /* CastGalleryTests.swift */,
			);
			path = CastGalleryTests;
			sourceTree = "<group>";
		};
		A8A686BD2B763202002E38ED /* CastGalleryUITests */ = {
			isa = PBXGroup;
			children = (
				A8A686BE2B763202002E38ED /* CastGalleryUITests.swift */,
				A8A686C02B763202002E38ED /* CastGalleryUITestsLaunchTests.swift */,
			);
			path = CastGalleryUITests;
			sourceTree = "<group>";
		};
		A8A686CD2B763399002E38ED /* App */ = {
			isa = PBXGroup;
			children = (
				A8A686D32B76341E002E38ED /* Storage */,
				A8A686D22B763409002E38ED /* Resources */,
				A8A686D12B7633FA002E38ED /* Networking */,
				A8A686D02B7633E6002E38ED /* Common */,
				A8A686CF2B7633CC002E38ED /* ScreenModules */,
				A8A686CE2B7633BB002E38ED /* CompositionRoot */,
			);
			path = App;
			sourceTree = "<group>";
		};
		A8A686CE2B7633BB002E38ED /* CompositionRoot */ = {
			isa = PBXGroup;
			children = (
				A8A686E72B7641DE002E38ED /* System */,
				A8A686E52B7640EB002E38ED /* DIContainer */,
				A8A686E42B763CFF002E38ED /* Factories */,
				A8A686E12B763973002E38ED /* Coordinator */,
			);
			path = CompositionRoot;
			sourceTree = "<group>";
		};
		A8A686CF2B7633CC002E38ED /* ScreenModules */ = {
			isa = PBXGroup;
			children = (
				A8A686E62B76412D002E38ED /* LaunchScreen */,
				A8A686D62B76357F002E38ED /* CharacterDetail */,
				A8A686D52B763564002E38ED /* Characters */,
				A8A686D42B76342E002E38ED /* HomeScreen */,
			);
			path = ScreenModules;
			sourceTree = "<group>";
		};
		A8A686D02B7633E6002E38ED /* Common */ = {
			isa = PBXGroup;
			children = (
				A8A687272B7808D9002E38ED /* Components */,
				A8A686E02B763799002E38ED /* Localize */,
				A8A686DE2B76376E002E38ED /* Utils */,
				A8A686DA2B763602002E38ED /* Layer */,
				A8A686D82B7635E2002E38ED /* Constants */,
				A8A686D72B7635CE002E38ED /* Extension */,
			);
			path = Common;
			sourceTree = "<group>";
		};
		A8A686D12B7633FA002E38ED /* Networking */ = {
			isa = PBXGroup;
			children = (
				A8A6871B2B77E46F002E38ED /* StatusResponse */,
				A8A687182B77DE50002E38ED /* Errors */,
				A8A687152B77DD86002E38ED /* Implementations */,
				A8A687122B77DCD9002E38ED /* ApiService */,
				A8A687252B77EBD2002E38ED /* Endpoint.swift */,
			);
			path = Networking;
			sourceTree = "<group>";
		};
		A8A686D22B763409002E38ED /* Resources */ = {
			isa = PBXGroup;
			children = (
				A8A686A62B763201002E38ED /* Assets.xcassets */,
				A8A687302B7815EC002E38ED /* Images.swift */,
			);
			path = Resources;
			sourceTree = "<group>";
		};
		A8A686D32B76341E002E38ED /* Storage */ = {
			isa = PBXGroup;
			children = (
				A8A687762B7931BC002E38ED /* LocalDataImageService.swift */,
			);
			path = Storage;
			sourceTree = "<group>";
		};
		A8A686D42B76342E002E38ED /* HomeScreen */ = {
			isa = PBXGroup;
			children = (
				A8A686FD2B77C9E8002E38ED /* Domain */,
				A8A686FC2B77C9DC002E38ED /* Data */,
				A8A686FB2B77C9C4002E38ED /* Presentation */,
			);
			path = HomeScreen;
			sourceTree = "<group>";
		};
		A8A686D52B763564002E38ED /* Characters */ = {
			isa = PBXGroup;
			children = (
				A8A687572B78AB32002E38ED /* Domain */,
				A8A6874A2B78A86E002E38ED /* Data */,
				A8A687342B781C50002E38ED /* Presentation */,
			);
			path = Characters;
			sourceTree = "<group>";
		};
		A8A686D62B76357F002E38ED /* CharacterDetail */ = {
			isa = PBXGroup;
			children = (
				A8A6878D2B79E601002E38ED /* Data */,
				A8A6878C2B79E5F3002E38ED /* Domain */,
				A8A687852B79E018002E38ED /* Presentation */,
			);
			path = CharacterDetail;
			sourceTree = "<group>";
		};
		A8A686D72B7635CE002E38ED /* Extension */ = {
			isa = PBXGroup;
			children = (
				A8A686F72B766401002E38ED /* UIView+Constraints.swift */,
				A8A687422B78A3FC002E38ED /* String+Empty.swift */,
				A8A6876E2B78D0B6002E38ED /* UITableViewController+SpinnerLast.swift */,
				A8A687832B793F8B002E38ED /* UIImageView+Utils.swift */,
			);
			path = Extension;
			sourceTree = "<group>";
		};
		A8A686D82B7635E2002E38ED /* Constants */ = {
			isa = PBXGroup;
			children = (
				A8A6872A2B780972002E38ED /* ViewVlaues.swift */,
			);
			path = Constants;
			sourceTree = "<group>";
		};
		A8A686D92B7635ED002E38ED /* Components */ = {
			isa = PBXGroup;
			children = (
				A8A686DF2B76377D002E38ED /* StateController */,
			);
			path = Components;
			sourceTree = "<group>";
		};
		A8A686DA2B763602002E38ED /* Layer */ = {
			isa = PBXGroup;
			children = (
				A8A686DD2B763627002E38ED /* Presentation */,
				A8A686DC2B763618002E38ED /* Domain */,
				A8A686DB2B76360E002E38ED /* Data */,
			);
			path = Layer;
			sourceTree = "<group>";
		};
		A8A686DB2B76360E002E38ED /* Data */ = {
			isa = PBXGroup;
			children = (
				A8A6877B2B79349F002E38ED /* repositoryImplementations */,
				A8A687502B78A9E1002E38ED /* DTO */,
			);
			path = Data;
			sourceTree = "<group>";
		};
		A8A686DC2B763618002E38ED /* Domain */ = {
			isa = PBXGroup;
			children = (
				A8A6877E2B79363B002E38ED /* UseCase */,
				A8A687782B79337B002E38ED /* InterfaceRepositories */,
				A8A6873E2B78A229002E38ED /* Entities */,
			);
			path = Domain;
			sourceTree = "<group>";
		};
		A8A686DD2B763627002E38ED /* Presentation */ = {
			isa = PBXGroup;
			children = (
				A8A6876B2B78C304002E38ED /* ViewModel */,
				A8A686D92B7635ED002E38ED /* Components */,
			);
			path = Presentation;
			sourceTree = "<group>";
		};
		A8A686DE2B76376E002E38ED /* Utils */ = {
			isa = PBXGroup;
			children = (
				A8A686F92B7667DC002E38ED /* Reusable.swift */,
				A8A687232B77E98A002E38ED /* PropertyIterator.swift */,
			);
			path = Utils;
			sourceTree = "<group>";
		};
		A8A686DF2B76377D002E38ED /* StateController */ = {
			isa = PBXGroup;
			children = (
				A8A6870E2B77CE9B002E38ED /* StateController.swift */,
			);
			path = StateController;
			sourceTree = "<group>";
		};
		A8A686E02B763799002E38ED /* Localize */ = {
			isa = PBXGroup;
			children = (
				A8A6872E2B7813E8002E38ED /* AppLocalized.swift */,
			);
			path = Localize;
			sourceTree = "<group>";
		};
		A8A686E12B763973002E38ED /* Coordinator */ = {
			isa = PBXGroup;
			children = (
				A8A686EB2B764484002E38ED /* AppCoordinator */,
				A8A686E22B763991002E38ED /* CoordinatorScreens */,
				A8A686E32B76399F002E38ED /* Utils */,
			);
			path = Coordinator;
			sourceTree = "<group>";
		};
		A8A686E22B763991002E38ED /* CoordinatorScreens */ = {
			isa = PBXGroup;
			children = (
				A8A686F02B765666002E38ED /* HomeCoordinator.swift */,
				A8A687372B781DBB002E38ED /* CharactersCoordinator.swift */,
				A8A687882B79E08E002E38ED /* CharacterDetailCoordinator.swift */,
			);
			path = CoordinatorScreens;
			sourceTree = "<group>";
		};
		A8A686E32B76399F002E38ED /* Utils */ = {
			isa = PBXGroup;
			children = (
			);
			path = Utils;
			sourceTree = "<group>";
		};
		A8A686E42B763CFF002E38ED /* Factories */ = {
			isa = PBXGroup;
			children = (
				A8A686EE2B764520002E38ED /* AppFactory.swift */,
				A8A686F22B7656C7002E38ED /* HomeFactory.swift */,
				A8A687322B781B94002E38ED /* CharactersFactory.swift */,
				A8A6878A2B79E0DE002E38ED /* CharacterDetailFactory.swift */,
			);
			path = Factories;
			sourceTree = "<group>";
		};
		A8A686E52B7640EB002E38ED /* DIContainer */ = {
			isa = PBXGroup;
			children = (
				A8A687812B7938EF002E38ED /* AppContainer.swift */,
			);
			path = DIContainer;
			sourceTree = "<group>";
		};
		A8A686E62B76412D002E38ED /* LaunchScreen */ = {
			isa = PBXGroup;
			children = (
				A8A686A82B763201002E38ED /* LaunchScreen.storyboard */,
			);
			path = LaunchScreen;
			sourceTree = "<group>";
		};
		A8A686E72B7641DE002E38ED /* System */ = {
			isa = PBXGroup;
			children = (
				A8A6869D2B7631FF002E38ED /* AppDelegate.swift */,
				A8A6869F2B7631FF002E38ED /* SceneDelegate.swift */,
			);
			path = System;
			sourceTree = "<group>";
		};
		A8A686EB2B764484002E38ED /* AppCoordinator */ = {
			isa = PBXGroup;
			children = (
				A8A686E92B764426002E38ED /* Coordinator.swift */,
				A8A686EC2B7644A7002E38ED /* AppCoordinator.swift */,
			);
			path = AppCoordinator;
			sourceTree = "<group>";
		};
		A8A686FB2B77C9C4002E38ED /* Presentation */ = {
			isa = PBXGroup;
			children = (
				A8A6870B2B77CD2C002E38ED /* Cell */,
				A8A6870A2B77CD1F002E38ED /* Controller */,
			);
			path = Presentation;
			sourceTree = "<group>";
		};
		A8A686FC2B77C9DC002E38ED /* Data */ = {
			isa = PBXGroup;
			children = (
				A8A6871E2B77E842002E38ED /* DTO */,
				A8A687042B77CB24002E38ED /* Repositories */,
			);
			path = Data;
			sourceTree = "<group>";
		};
		A8A686FD2B77C9E8002E38ED /* Domain */ = {
			isa = PBXGroup;
			children = (
				A8A687072B77CBFD002E38ED /* UseCase */,
				A8A687012B77CA80002E38ED /* Entities */,
				A8A686FE2B77C9F7002E38ED /* InterfaceRepositories */,
			);
			path = Domain;
			sourceTree = "<group>";
		};
		A8A686FE2B77C9F7002E38ED /* InterfaceRepositories */ = {
			isa = PBXGroup;
			children = (
				A8A686FF2B77CA34002E38ED /* MenuRepository.swift */,
			);
			path = InterfaceRepositories;
			sourceTree = "<group>";
		};
		A8A687012B77CA80002E38ED /* Entities */ = {
			isa = PBXGroup;
			children = (
				A8A687022B77CAA0002E38ED /* MenuItem.swift */,
			);
			path = Entities;
			sourceTree = "<group>";
		};
		A8A687042B77CB24002E38ED /* Repositories */ = {
			isa = PBXGroup;
			children = (
				A8A687052B77CB4A002E38ED /* MenuRepositoryImplementation.swift */,
			);
			path = Repositories;
			sourceTree = "<group>";
		};
		A8A687072B77CBFD002E38ED /* UseCase */ = {
			isa = PBXGroup;
			children = (
				A8A687082B77CC12002E38ED /* LoadMenuUseCase.swift */,
			);
			path = UseCase;
			sourceTree = "<group>";
		};
		A8A6870A2B77CD1F002E38ED /* Controller */ = {
			isa = PBXGroup;
			children = (
				A8A686A12B7631FF002E38ED /* HomeController.swift */,
				A8A6870C2B77CD4B002E38ED /* HomeViewModel.swift */,
			);
			path = Controller;
			sourceTree = "<group>";
		};
		A8A6870B2B77CD2C002E38ED /* Cell */ = {
			isa = PBXGroup;
			children = (
				A8A686F52B76620C002E38ED /* HomeItemCell.swift */,
				A8A687102B77CFBC002E38ED /* HomeItemViewModel.swift */,
			);
			path = Cell;
			sourceTree = "<group>";
		};
		A8A687122B77DCD9002E38ED /* ApiService */ = {
			isa = PBXGroup;
			children = (
				A8A687132B77DD07002E38ED /* ApiClientService.swift */,
				A8A687722B791198002E38ED /* RemoteImageDataService.swift */,
			);
			path = ApiService;
			sourceTree = "<group>";
		};
		A8A687152B77DD86002E38ED /* Implementations */ = {
			isa = PBXGroup;
			children = (
				A8A687162B77DDA1002E38ED /* ApiClientServiceImplementation.swift */,
				A8A687742B79127D002E38ED /* ApiClientServiceImplementation+RemoteImageDataService.swift */,
			);
			path = Implementations;
			sourceTree = "<group>";
		};
		A8A687182B77DE50002E38ED /* Errors */ = {
			isa = PBXGroup;
			children = (
				A8A687192B77DE6B002E38ED /* ApiError.swift */,
			);
			path = Errors;
			sourceTree = "<group>";
		};
		A8A6871B2B77E46F002E38ED /* StatusResponse */ = {
			isa = PBXGroup;
			children = (
				A8A6871C2B77E48A002E38ED /* HttpResponseStatus.swift */,
			);
			path = StatusResponse;
			sourceTree = "<group>";
		};
		A8A6871E2B77E842002E38ED /* DTO */ = {
			isa = PBXGroup;
			children = (
				A8A6871F2B77E857002E38ED /* MenuDTO.swift */,
				A8A687212B77E913002E38ED /* MenuDto+Mapper.swift */,
			);
			path = DTO;
			sourceTree = "<group>";
		};
		A8A687272B7808D9002E38ED /* Components */ = {
			isa = PBXGroup;
			children = (
				A8A687282B7808EB002E38ED /* SpinnerDisplayable.swift */,
				A8A6872C2B780D05002E38ED /* MessageDisplayable.swift */,
			);
			path = Components;
			sourceTree = "<group>";
		};
		A8A687342B781C50002E38ED /* Presentation */ = {
			isa = PBXGroup;
			children = (
				A8A687662B78BE6B002E38ED /* ViewModel */,
				A8A687652B78BE5B002E38ED /* View */,
			);
			path = Presentation;
			sourceTree = "<group>";
		};
		A8A687392B78323E002E38ED /* Cell */ = {
			isa = PBXGroup;
			children = (
				A8A6873A2B78324F002E38ED /* CharacterItemTableViewCell.swift */,
			);
			path = Cell;
			sourceTree = "<group>";
		};
		A8A6873E2B78A229002E38ED /* Entities */ = {
			isa = PBXGroup;
			children = (
				A8A6873C2B78A20F002E38ED /* Character.swift */,
				A8A687402B78A306002E38ED /* CharacterStatus.swift */,
				A8A687442B78A54F002E38ED /* Specie.swift */,
				A8A687462B78A7D7002E38ED /* Origin.swift */,
				A8A687482B78A80F002E38ED /* Location.swift */,
				A8A6875B2B78AC17002E38ED /* Info.swift */,
			);
			path = Entities;
			sourceTree = "<group>";
		};
		A8A6874A2B78A86E002E38ED /* Data */ = {
			isa = PBXGroup;
			children = (
				A8A6875D2B78AC96002E38ED /* Repositories */,
				A8A6874B2B78A87D002E38ED /* DTO */,
			);
			path = Data;
			sourceTree = "<group>";
		};
		A8A6874B2B78A87D002E38ED /* DTO */ = {
			isa = PBXGroup;
			children = (
				A8A6874C2B78A89E002E38ED /* ResultCharactersDTO.swift */,
				A8A6874E2B78A8F7002E38ED /* CharacterDTO.swift */,
				A8A687602B78ADC4002E38ED /* ResultCharactersDTO+Mapping.swift */,
			);
			path = DTO;
			sourceTree = "<group>";
		};
		A8A687502B78A9E1002E38ED /* DTO */ = {
			isa = PBXGroup;
			children = (
				A8A687512B78A9F4002E38ED /* OriginDTO.swift */,
				A8A687532B78A9FB002E38ED /* LocationDTO.swift */,
				A8A687552B78AA91002E38ED /* InfoDTO.swift */,
			);
			path = DTO;
			sourceTree = "<group>";
		};
		A8A687572B78AB32002E38ED /* Domain */ = {
			isa = PBXGroup;
			children = (
				A8A687622B78BC02002E38ED /* UseCase */,
				A8A687582B78AB41002E38ED /* InterfaceRepositories */,
			);
			path = Domain;
			sourceTree = "<group>";
		};
		A8A687582B78AB41002E38ED /* InterfaceRepositories */ = {
			isa = PBXGroup;
			children = (
				A8A687592B78AB7C002E38ED /* CharactersRepository.swift */,
			);
			path = InterfaceRepositories;
			sourceTree = "<group>";
		};
		A8A6875D2B78AC96002E38ED /* Repositories */ = {
			isa = PBXGroup;
			children = (
				A8A6875E2B78ACAB002E38ED /* CharactersRepositoryImplementation.swift */,
			);
			path = Repositories;
			sourceTree = "<group>";
		};
		A8A687622B78BC02002E38ED /* UseCase */ = {
			isa = PBXGroup;
			children = (
				A8A687632B78BC1F002E38ED /* LoadCharactersUseCase.swift */,
				A8A687702B790844002E38ED /* LastPageValidationUseCase.swift */,
			);
			path = UseCase;
			sourceTree = "<group>";
		};
		A8A687652B78BE5B002E38ED /* View */ = {
			isa = PBXGroup;
			children = (
				A8A687392B78323E002E38ED /* Cell */,
				A8A687352B781C5D002E38ED /* CharactersViewController.swift */,
			);
			path = View;
			sourceTree = "<group>";
		};
		A8A687662B78BE6B002E38ED /* ViewModel */ = {
			isa = PBXGroup;
			children = (
				A8A687672B78BEC2002E38ED /* CharactersViewModel.swift */,
				A8A687692B78BF62002E38ED /* CharacterItemViewModel.swift */,
			);
			path = ViewModel;
			sourceTree = "<group>";
		};
		A8A6876B2B78C304002E38ED /* ViewModel */ = {
			isa = PBXGroup;
			children = (
				A8A6876C2B78C321002E38ED /* BaseViewModel.swift */,
			);
			path = ViewModel;
			sourceTree = "<group>";
		};
		A8A687782B79337B002E38ED /* InterfaceRepositories */ = {
			isa = PBXGroup;
			children = (
				A8A687792B793402002E38ED /* ImageDataRepository.swift */,
			);
			path = InterfaceRepositories;
			sourceTree = "<group>";
		};
		A8A6877B2B79349F002E38ED /* repositoryImplementations */ = {
			isa = PBXGroup;
			children = (
				A8A6877C2B7934C2002E38ED /* ImageDataRepositoryImplementation.swift */,
			);
			path = repositoryImplementations;
			sourceTree = "<group>";
		};
		A8A6877E2B79363B002E38ED /* UseCase */ = {
			isa = PBXGroup;
			children = (
				A8A6877F2B793652002E38ED /* ImageDataUseCase.swift */,
			);
			path = UseCase;
			sourceTree = "<group>";
		};
		A8A687852B79E018002E38ED /* Presentation */ = {
			isa = PBXGroup;
			children = (
				A8A687862B79E033002E38ED /* CharacterDetailViewController.swift */,
			);
			path = Presentation;
			sourceTree = "<group>";
		};
		A8A6878C2B79E5F3002E38ED /* Domain */ = {
			isa = PBXGroup;
			children = (
				A8A6878E2B79E616002E38ED /* RepositoryInterfaces */,
			);
			path = Domain;
			sourceTree = "<group>";
		};
		A8A6878D2B79E601002E38ED /* Data */ = {
			isa = PBXGroup;
			children = (
				A8A687942B79E82E002E38ED /* DTO */,
				A8A687912B79E6DA002E38ED /* RepositoryImplementations */,
			);
			path = Data;
			sourceTree = "<group>";
		};
		A8A6878E2B79E616002E38ED /* RepositoryInterfaces */ = {
			isa = PBXGroup;
			children = (
				A8A6878F2B79E660002E38ED /* CharacterDetailRepository.swift */,
			);
			path = RepositoryInterfaces;
			sourceTree = "<group>";
		};
		A8A687912B79E6DA002E38ED /* RepositoryImplementations */ = {
			isa = PBXGroup;
			children = (
				A8A687922B79E70C002E38ED /* CharacterDetailRepositoryImplementation.swift */,
			);
			path = RepositoryImplementations;
			sourceTree = "<group>";
		};
		A8A687942B79E82E002E38ED /* DTO */ = {
			isa = PBXGroup;
			children = (
				A8A687952B79E843002E38ED /* CharacterDTO+Mapping.swift */,
			);
			path = DTO;
			sourceTree = "<group>";
		};
/* End PBXGroup section */

/* Begin PBXNativeTarget section */
		A8A686992B7631FF002E38ED /* CastGallery */ = {
			isa = PBXNativeTarget;
			buildConfigurationList = A8A686C42B763202002E38ED /* Build configuration list for PBXNativeTarget "CastGallery" */;
			buildPhases = (
				A8A686962B7631FF002E38ED /* Sources */,
				A8A686972B7631FF002E38ED /* Frameworks */,
				A8A686982B7631FF002E38ED /* Resources */,
			);
			buildRules = (
			);
			dependencies = (
			);
			name = CastGallery;
			productName = CastGallery;
			productReference = A8A6869A2B7631FF002E38ED /* CastGallery.app */;
			productType = "com.apple.product-type.application";
		};
		A8A686AF2B763202002E38ED /* CastGalleryTests */ = {
			isa = PBXNativeTarget;
			buildConfigurationList = A8A686C72B763202002E38ED /* Build configuration list for PBXNativeTarget "CastGalleryTests" */;
			buildPhases = (
				A8A686AC2B763202002E38ED /* Sources */,
				A8A686AD2B763202002E38ED /* Frameworks */,
				A8A686AE2B763202002E38ED /* Resources */,
			);
			buildRules = (
			);
			dependencies = (
				A8A686B22B763202002E38ED /* PBXTargetDependency */,
			);
			name = CastGalleryTests;
			productName = CastGalleryTests;
			productReference = A8A686B02B763202002E38ED /* CastGalleryTests.xctest */;
			productType = "com.apple.product-type.bundle.unit-test";
		};
		A8A686B92B763202002E38ED /* CastGalleryUITests */ = {
			isa = PBXNativeTarget;
			buildConfigurationList = A8A686CA2B763202002E38ED /* Build configuration list for PBXNativeTarget "CastGalleryUITests" */;
			buildPhases = (
				A8A686B62B763202002E38ED /* Sources */,
				A8A686B72B763202002E38ED /* Frameworks */,
				A8A686B82B763202002E38ED /* Resources */,
			);
			buildRules = (
			);
			dependencies = (
				A8A686BC2B763202002E38ED /* PBXTargetDependency */,
			);
			name = CastGalleryUITests;
			productName = CastGalleryUITests;
			productReference = A8A686BA2B763202002E38ED /* CastGalleryUITests.xctest */;
			productType = "com.apple.product-type.bundle.ui-testing";
		};
/* End PBXNativeTarget section */

/* Begin PBXProject section */
		A8A686922B7631FF002E38ED /* Project object */ = {
			isa = PBXProject;
			attributes = {
				BuildIndependentTargetsInParallel = 1;
				LastSwiftUpdateCheck = 1430;
				LastUpgradeCheck = 1430;
				TargetAttributes = {
					A8A686992B7631FF002E38ED = {
						CreatedOnToolsVersion = 14.3.1;
					};
					A8A686AF2B763202002E38ED = {
						CreatedOnToolsVersion = 14.3.1;
						TestTargetID = A8A686992B7631FF002E38ED;
					};
					A8A686B92B763202002E38ED = {
						CreatedOnToolsVersion = 14.3.1;
						TestTargetID = A8A686992B7631FF002E38ED;
					};
				};
			};
			buildConfigurationList = A8A686952B7631FF002E38ED /* Build configuration list for PBXProject "CastGallery" */;
			compatibilityVersion = "Xcode 14.0";
			developmentRegion = en;
			hasScannedForEncodings = 0;
			knownRegions = (
				en,
				Base,
			);
			mainGroup = A8A686912B7631FF002E38ED;
			productRefGroup = A8A6869B2B7631FF002E38ED /* Products */;
			projectDirPath = "";
			projectRoot = "";
			targets = (
				A8A686992B7631FF002E38ED /* CastGallery */,
				A8A686AF2B763202002E38ED /* CastGalleryTests */,
				A8A686B92B763202002E38ED /* CastGalleryUITests */,
			);
		};
/* End PBXProject section */

/* Begin PBXResourcesBuildPhase section */
		A8A686982B7631FF002E38ED /* Resources */ = {
			isa = PBXResourcesBuildPhase;
			buildActionMask = 2147483647;
			files = (
				A8A686AA2B763201002E38ED /* LaunchScreen.storyboard in Resources */,
				A8A686A72B763201002E38ED /* Assets.xcassets in Resources */,
			);
			runOnlyForDeploymentPostprocessing = 0;
		};
		A8A686AE2B763202002E38ED /* Resources */ = {
			isa = PBXResourcesBuildPhase;
			buildActionMask = 2147483647;
			files = (
			);
			runOnlyForDeploymentPostprocessing = 0;
		};
		A8A686B82B763202002E38ED /* Resources */ = {
			isa = PBXResourcesBuildPhase;
			buildActionMask = 2147483647;
			files = (
			);
			runOnlyForDeploymentPostprocessing = 0;
		};
/* End PBXResourcesBuildPhase section */

/* Begin PBXSourcesBuildPhase section */
		A8A686962B7631FF002E38ED /* Sources */ = {
			isa = PBXSourcesBuildPhase;
			buildActionMask = 2147483647;
			files = (
				A8A6874F2B78A8F7002E38ED /* CharacterDTO.swift in Sources */,
				A8A687562B78AA91002E38ED /* InfoDTO.swift in Sources */,
				A8A687262B77EBD2002E38ED /* Endpoint.swift in Sources */,
				A8A687292B7808EB002E38ED /* SpinnerDisplayable.swift in Sources */,
				A8A686F62B76620C002E38ED /* HomeItemCell.swift in Sources */,
				A8A6877A2B793402002E38ED /* ImageDataRepository.swift in Sources */,
				A8A6876D2B78C321002E38ED /* BaseViewModel.swift in Sources */,
				A8A686FA2B7667DC002E38ED /* Reusable.swift in Sources */,
				A8A687202B77E857002E38ED /* MenuDTO.swift in Sources */,
				A8A687092B77CC12002E38ED /* LoadMenuUseCase.swift in Sources */,
				A8A6873D2B78A210002E38ED /* Character.swift in Sources */,
				A8A687802B793652002E38ED /* ImageDataUseCase.swift in Sources */,
				A8A687382B781DBB002E38ED /* CharactersCoordinator.swift in Sources */,
				A8A6872B2B780972002E38ED /* ViewVlaues.swift in Sources */,
				A8A687732B791198002E38ED /* RemoteImageDataService.swift in Sources */,
				A8A686EF2B764520002E38ED /* AppFactory.swift in Sources */,
				A8A686EA2B764426002E38ED /* Coordinator.swift in Sources */,
				A8A687112B77CFBC002E38ED /* HomeItemViewModel.swift in Sources */,
				A8A687332B781B94002E38ED /* CharactersFactory.swift in Sources */,
				A8A6876A2B78BF62002E38ED /* CharacterItemViewModel.swift in Sources */,
				A8A687822B7938EF002E38ED /* AppContainer.swift in Sources */,
				A8A687002B77CA34002E38ED /* MenuRepository.swift in Sources */,
				A8A687172B77DDA1002E38ED /* ApiClientServiceImplementation.swift in Sources */,
				A8A6870D2B77CD4B002E38ED /* HomeViewModel.swift in Sources */,
				A8A687452B78A54F002E38ED /* Specie.swift in Sources */,
				A8A687432B78A3FC002E38ED /* String+Empty.swift in Sources */,
				A8A6870F2B77CE9B002E38ED /* StateController.swift in Sources */,
				A8A686A22B7631FF002E38ED /* HomeController.swift in Sources */,
				A8A6876F2B78D0B6002E38ED /* UITableViewController+SpinnerLast.swift in Sources */,
				A8A6875A2B78AB7C002E38ED /* CharactersRepository.swift in Sources */,
				A8A687032B77CAA0002E38ED /* MenuItem.swift in Sources */,
				A8A686ED2B7644A7002E38ED /* AppCoordinator.swift in Sources */,
				A8A687062B77CB4A002E38ED /* MenuRepositoryImplementation.swift in Sources */,
				A8A687412B78A306002E38ED /* CharacterStatus.swift in Sources */,
				A8A687902B79E660002E38ED /* CharacterDetailRepository.swift in Sources */,
				A8A687752B79127D002E38ED /* ApiClientServiceImplementation+RemoteImageDataService.swift in Sources */,
				A8A6878B2B79E0DE002E38ED /* CharacterDetailFactory.swift in Sources */,
				A8A687522B78A9F4002E38ED /* OriginDTO.swift in Sources */,
				A8A6871A2B77DE6B002E38ED /* ApiError.swift in Sources */,
				A8A687542B78A9FB002E38ED /* LocationDTO.swift in Sources */,
				A8A687312B7815EC002E38ED /* Images.swift in Sources */,
				A8A6869E2B7631FF002E38ED /* AppDelegate.swift in Sources */,
				A8A687242B77E98A002E38ED /* PropertyIterator.swift in Sources */,
				A8A6875C2B78AC17002E38ED /* Info.swift in Sources */,
				A8A6872F2B7813E8002E38ED /* AppLocalized.swift in Sources */,
				A8A687842B793F8B002E38ED /* UIImageView+Utils.swift in Sources */,
				A8A6877D2B7934C2002E38ED /* ImageDataRepositoryImplementation.swift in Sources */,
				A8A687612B78ADC4002E38ED /* ResultCharactersDTO+Mapping.swift in Sources */,
				A8A6873B2B78324F002E38ED /* CharacterItemTableViewCell.swift in Sources */,
				A8A687362B781C5D002E38ED /* CharactersViewController.swift in Sources */,
				A8A6871D2B77E48A002E38ED /* HttpResponseStatus.swift in Sources */,
				A8A686F32B7656C7002E38ED /* HomeFactory.swift in Sources */,
				A8A6875F2B78ACAB002E38ED /* CharactersRepositoryImplementation.swift in Sources */,
				A8A687222B77E913002E38ED /* MenuDto+Mapper.swift in Sources */,
				A8A6874D2B78A89E002E38ED /* ResultCharactersDTO.swift in Sources */,
				A8A687772B7931BC002E38ED /* LocalDataImageService.swift in Sources */,
				A8A687962B79E843002E38ED /* CharacterDTO+Mapping.swift in Sources */,
				A8A686F82B766401002E38ED /* UIView+Constraints.swift in Sources */,
				A8A687712B790844002E38ED /* LastPageValidationUseCase.swift in Sources */,
				A8A687682B78BEC2002E38ED /* CharactersViewModel.swift in Sources */,
				A8A686F12B765666002E38ED /* HomeCoordinator.swift in Sources */,
				A8A687892B79E08E002E38ED /* CharacterDetailCoordinator.swift in Sources */,
				A8A686A02B7631FF002E38ED /* SceneDelegate.swift in Sources */,
				A8A687492B78A80F002E38ED /* Location.swift in Sources */,
				A8A687872B79E033002E38ED /* CharacterDetailViewController.swift in Sources */,
				A8A687142B77DD07002E38ED /* ApiClientService.swift in Sources */,
				A8A6872D2B780D05002E38ED /* MessageDisplayable.swift in Sources */,
				A8A687642B78BC1F002E38ED /* LoadCharactersUseCase.swift in Sources */,
				A8A687932B79E70C002E38ED /* CharacterDetailRepositoryImplementation.swift in Sources */,
				A8A687472B78A7D7002E38ED /* Origin.swift in Sources */,
			);
			runOnlyForDeploymentPostprocessing = 0;
		};
		A8A686AC2B763202002E38ED /* Sources */ = {
			isa = PBXSourcesBuildPhase;
			buildActionMask = 2147483647;
			files = (
				A8A686B52B763202002E38ED /* CastGalleryTests.swift in Sources */,
			);
			runOnlyForDeploymentPostprocessing = 0;
		};
		A8A686B62B763202002E38ED /* Sources */ = {
			isa = PBXSourcesBuildPhase;
			buildActionMask = 2147483647;
			files = (
				A8A686C12B763202002E38ED /* CastGalleryUITestsLaunchTests.swift in Sources */,
				A8A686BF2B763202002E38ED /* CastGalleryUITests.swift in Sources */,
			);
			runOnlyForDeploymentPostprocessing = 0;
		};
/* End PBXSourcesBuildPhase section */

/* Begin PBXTargetDependency section */
		A8A686B22B763202002E38ED /* PBXTargetDependency */ = {
			isa = PBXTargetDependency;
			target = A8A686992B7631FF002E38ED /* CastGallery */;
			targetProxy = A8A686B12B763202002E38ED /* PBXContainerItemProxy */;
		};
		A8A686BC2B763202002E38ED /* PBXTargetDependency */ = {
			isa = PBXTargetDependency;
			target = A8A686992B7631FF002E38ED /* CastGallery */;
			targetProxy = A8A686BB2B763202002E38ED /* PBXContainerItemProxy */;
		};
/* End PBXTargetDependency section */

/* Begin PBXVariantGroup section */
		A8A686A82B763201002E38ED /* LaunchScreen.storyboard */ = {
			isa = PBXVariantGroup;
			children = (
				A8A686A92B763201002E38ED /* Base */,
			);
			name = LaunchScreen.storyboard;
			sourceTree = "<group>";
		};
/* End PBXVariantGroup section */

/* Begin XCBuildConfiguration section */
		A8A686C22B763202002E38ED /* Debug */ = {
			isa = XCBuildConfiguration;
			buildSettings = {
				ALWAYS_SEARCH_USER_PATHS = NO;
				CLANG_ANALYZER_NONNULL = YES;
				CLANG_ANALYZER_NUMBER_OBJECT_CONVERSION = YES_AGGRESSIVE;
				CLANG_CXX_LANGUAGE_STANDARD = "gnu++20";
				CLANG_ENABLE_MODULES = YES;
				CLANG_ENABLE_OBJC_ARC = YES;
				CLANG_ENABLE_OBJC_WEAK = YES;
				CLANG_WARN_BLOCK_CAPTURE_AUTORELEASING = YES;
				CLANG_WARN_BOOL_CONVERSION = YES;
				CLANG_WARN_COMMA = YES;
				CLANG_WARN_CONSTANT_CONVERSION = YES;
				CLANG_WARN_DEPRECATED_OBJC_IMPLEMENTATIONS = YES;
				CLANG_WARN_DIRECT_OBJC_ISA_USAGE = YES_ERROR;
				CLANG_WARN_DOCUMENTATION_COMMENTS = YES;
				CLANG_WARN_EMPTY_BODY = YES;
				CLANG_WARN_ENUM_CONVERSION = YES;
				CLANG_WARN_INFINITE_RECURSION = YES;
				CLANG_WARN_INT_CONVERSION = YES;
				CLANG_WARN_NON_LITERAL_NULL_CONVERSION = YES;
				CLANG_WARN_OBJC_IMPLICIT_RETAIN_SELF = YES;
				CLANG_WARN_OBJC_LITERAL_CONVERSION = YES;
				CLANG_WARN_OBJC_ROOT_CLASS = YES_ERROR;
				CLANG_WARN_QUOTED_INCLUDE_IN_FRAMEWORK_HEADER = YES;
				CLANG_WARN_RANGE_LOOP_ANALYSIS = YES;
				CLANG_WARN_STRICT_PROTOTYPES = YES;
				CLANG_WARN_SUSPICIOUS_MOVE = YES;
				CLANG_WARN_UNGUARDED_AVAILABILITY = YES_AGGRESSIVE;
				CLANG_WARN_UNREACHABLE_CODE = YES;
				CLANG_WARN__DUPLICATE_METHOD_MATCH = YES;
				COPY_PHASE_STRIP = NO;
				DEBUG_INFORMATION_FORMAT = dwarf;
				ENABLE_STRICT_OBJC_MSGSEND = YES;
				ENABLE_TESTABILITY = YES;
				GCC_C_LANGUAGE_STANDARD = gnu11;
				GCC_DYNAMIC_NO_PIC = NO;
				GCC_NO_COMMON_BLOCKS = YES;
				GCC_OPTIMIZATION_LEVEL = 0;
				GCC_PREPROCESSOR_DEFINITIONS = (
					"DEBUG=1",
					"$(inherited)",
				);
				GCC_WARN_64_TO_32_BIT_CONVERSION = YES;
				GCC_WARN_ABOUT_RETURN_TYPE = YES_ERROR;
				GCC_WARN_UNDECLARED_SELECTOR = YES;
				GCC_WARN_UNINITIALIZED_AUTOS = YES_AGGRESSIVE;
				GCC_WARN_UNUSED_FUNCTION = YES;
				GCC_WARN_UNUSED_VARIABLE = YES;
				IPHONEOS_DEPLOYMENT_TARGET = 16.4;
				MTL_ENABLE_DEBUG_INFO = INCLUDE_SOURCE;
				MTL_FAST_MATH = YES;
				ONLY_ACTIVE_ARCH = YES;
				SDKROOT = iphoneos;
				SWIFT_ACTIVE_COMPILATION_CONDITIONS = DEBUG;
				SWIFT_OPTIMIZATION_LEVEL = "-Onone";
			};
			name = Debug;
		};
		A8A686C32B763202002E38ED /* Release */ = {
			isa = XCBuildConfiguration;
			buildSettings = {
				ALWAYS_SEARCH_USER_PATHS = NO;
				CLANG_ANALYZER_NONNULL = YES;
				CLANG_ANALYZER_NUMBER_OBJECT_CONVERSION = YES_AGGRESSIVE;
				CLANG_CXX_LANGUAGE_STANDARD = "gnu++20";
				CLANG_ENABLE_MODULES = YES;
				CLANG_ENABLE_OBJC_ARC = YES;
				CLANG_ENABLE_OBJC_WEAK = YES;
				CLANG_WARN_BLOCK_CAPTURE_AUTORELEASING = YES;
				CLANG_WARN_BOOL_CONVERSION = YES;
				CLANG_WARN_COMMA = YES;
				CLANG_WARN_CONSTANT_CONVERSION = YES;
				CLANG_WARN_DEPRECATED_OBJC_IMPLEMENTATIONS = YES;
				CLANG_WARN_DIRECT_OBJC_ISA_USAGE = YES_ERROR;
				CLANG_WARN_DOCUMENTATION_COMMENTS = YES;
				CLANG_WARN_EMPTY_BODY = YES;
				CLANG_WARN_ENUM_CONVERSION = YES;
				CLANG_WARN_INFINITE_RECURSION = YES;
				CLANG_WARN_INT_CONVERSION = YES;
				CLANG_WARN_NON_LITERAL_NULL_CONVERSION = YES;
				CLANG_WARN_OBJC_IMPLICIT_RETAIN_SELF = YES;
				CLANG_WARN_OBJC_LITERAL_CONVERSION = YES;
				CLANG_WARN_OBJC_ROOT_CLASS = YES_ERROR;
				CLANG_WARN_QUOTED_INCLUDE_IN_FRAMEWORK_HEADER = YES;
				CLANG_WARN_RANGE_LOOP_ANALYSIS = YES;
				CLANG_WARN_STRICT_PROTOTYPES = YES;
				CLANG_WARN_SUSPICIOUS_MOVE = YES;
				CLANG_WARN_UNGUARDED_AVAILABILITY = YES_AGGRESSIVE;
				CLANG_WARN_UNREACHABLE_CODE = YES;
				CLANG_WARN__DUPLICATE_METHOD_MATCH = YES;
				COPY_PHASE_STRIP = NO;
				DEBUG_INFORMATION_FORMAT = "dwarf-with-dsym";
				ENABLE_NS_ASSERTIONS = NO;
				ENABLE_STRICT_OBJC_MSGSEND = YES;
				GCC_C_LANGUAGE_STANDARD = gnu11;
				GCC_NO_COMMON_BLOCKS = YES;
				GCC_WARN_64_TO_32_BIT_CONVERSION = YES;
				GCC_WARN_ABOUT_RETURN_TYPE = YES_ERROR;
				GCC_WARN_UNDECLARED_SELECTOR = YES;
				GCC_WARN_UNINITIALIZED_AUTOS = YES_AGGRESSIVE;
				GCC_WARN_UNUSED_FUNCTION = YES;
				GCC_WARN_UNUSED_VARIABLE = YES;
				IPHONEOS_DEPLOYMENT_TARGET = 16.4;
				MTL_ENABLE_DEBUG_INFO = NO;
				MTL_FAST_MATH = YES;
				SDKROOT = iphoneos;
				SWIFT_COMPILATION_MODE = wholemodule;
				SWIFT_OPTIMIZATION_LEVEL = "-O";
				VALIDATE_PRODUCT = YES;
			};
			name = Release;
		};
		A8A686C52B763202002E38ED /* Debug */ = {
			isa = XCBuildConfiguration;
			buildSettings = {
				ASSETCATALOG_COMPILER_APPICON_NAME = AppIcon;
				ASSETCATALOG_COMPILER_GLOBAL_ACCENT_COLOR_NAME = AccentColor;
				CODE_SIGN_STYLE = Automatic;
				CURRENT_PROJECT_VERSION = 1;
				DEVELOPMENT_TEAM = 3D4XJYMDD2;
				GENERATE_INFOPLIST_FILE = YES;
				INFOPLIST_FILE = CastGallery/Info.plist;
				INFOPLIST_KEY_UIApplicationSupportsIndirectInputEvents = YES;
				INFOPLIST_KEY_UILaunchStoryboardName = LaunchScreen;
				INFOPLIST_KEY_UIMainStoryboardFile = "";
				INFOPLIST_KEY_UISupportedInterfaceOrientations = "UIInterfaceOrientationLandscapeLeft UIInterfaceOrientationLandscapeRight UIInterfaceOrientationPortrait";
				INFOPLIST_KEY_UISupportedInterfaceOrientations_iPad = UIInterfaceOrientationPortrait;
				LD_RUNPATH_SEARCH_PATHS = (
					"$(inherited)",
					"@executable_path/Frameworks",
				);
				MARKETING_VERSION = 1.0;
				PRODUCT_BUNDLE_IDENTIFIER = "iraklinozadze2509-gmail.com.CastGallery";
				PRODUCT_NAME = "$(TARGET_NAME)";
				SWIFT_EMIT_LOC_STRINGS = YES;
				SWIFT_VERSION = 5.0;
				TARGETED_DEVICE_FAMILY = "1,2";
			};
			name = Debug;
		};
		A8A686C62B763202002E38ED /* Release */ = {
			isa = XCBuildConfiguration;
			buildSettings = {
				ASSETCATALOG_COMPILER_APPICON_NAME = AppIcon;
				ASSETCATALOG_COMPILER_GLOBAL_ACCENT_COLOR_NAME = AccentColor;
				CODE_SIGN_STYLE = Automatic;
				CURRENT_PROJECT_VERSION = 1;
				DEVELOPMENT_TEAM = 3D4XJYMDD2;
				GENERATE_INFOPLIST_FILE = YES;
				INFOPLIST_FILE = CastGallery/Info.plist;
				INFOPLIST_KEY_UIApplicationSupportsIndirectInputEvents = YES;
				INFOPLIST_KEY_UILaunchStoryboardName = LaunchScreen;
				INFOPLIST_KEY_UIMainStoryboardFile = "";
				INFOPLIST_KEY_UISupportedInterfaceOrientations = "UIInterfaceOrientationLandscapeLeft UIInterfaceOrientationLandscapeRight UIInterfaceOrientationPortrait";
				INFOPLIST_KEY_UISupportedInterfaceOrientations_iPad = UIInterfaceOrientationPortrait;
				LD_RUNPATH_SEARCH_PATHS = (
					"$(inherited)",
					"@executable_path/Frameworks",
				);
				MARKETING_VERSION = 1.0;
				PRODUCT_BUNDLE_IDENTIFIER = "iraklinozadze2509-gmail.com.CastGallery";
				PRODUCT_NAME = "$(TARGET_NAME)";
				SWIFT_EMIT_LOC_STRINGS = YES;
				SWIFT_VERSION = 5.0;
				TARGETED_DEVICE_FAMILY = "1,2";
			};
			name = Release;
		};
		A8A686C82B763202002E38ED /* Debug */ = {
			isa = XCBuildConfiguration;
			buildSettings = {
				ALWAYS_EMBED_SWIFT_STANDARD_LIBRARIES = YES;
				BUNDLE_LOADER = "$(TEST_HOST)";
				CODE_SIGN_STYLE = Automatic;
				CURRENT_PROJECT_VERSION = 1;
				DEVELOPMENT_TEAM = 3D4XJYMDD2;
				GENERATE_INFOPLIST_FILE = YES;
				IPHONEOS_DEPLOYMENT_TARGET = 16.4;
				MARKETING_VERSION = 1.0;
				PRODUCT_BUNDLE_IDENTIFIER = "iraklinozadze2509-gmail.com.CastGalleryTests";
				PRODUCT_NAME = "$(TARGET_NAME)";
				SWIFT_EMIT_LOC_STRINGS = NO;
				SWIFT_VERSION = 5.0;
				TARGETED_DEVICE_FAMILY = "1,2";
				TEST_HOST = "$(BUILT_PRODUCTS_DIR)/CastGallery.app/$(BUNDLE_EXECUTABLE_FOLDER_PATH)/CastGallery";
			};
			name = Debug;
		};
		A8A686C92B763202002E38ED /* Release */ = {
			isa = XCBuildConfiguration;
			buildSettings = {
				ALWAYS_EMBED_SWIFT_STANDARD_LIBRARIES = YES;
				BUNDLE_LOADER = "$(TEST_HOST)";
				CODE_SIGN_STYLE = Automatic;
				CURRENT_PROJECT_VERSION = 1;
				DEVELOPMENT_TEAM = 3D4XJYMDD2;
				GENERATE_INFOPLIST_FILE = YES;
				IPHONEOS_DEPLOYMENT_TARGET = 16.4;
				MARKETING_VERSION = 1.0;
				PRODUCT_BUNDLE_IDENTIFIER = "iraklinozadze2509-gmail.com.CastGalleryTests";
				PRODUCT_NAME = "$(TARGET_NAME)";
				SWIFT_EMIT_LOC_STRINGS = NO;
				SWIFT_VERSION = 5.0;
				TARGETED_DEVICE_FAMILY = "1,2";
				TEST_HOST = "$(BUILT_PRODUCTS_DIR)/CastGallery.app/$(BUNDLE_EXECUTABLE_FOLDER_PATH)/CastGallery";
			};
			name = Release;
		};
		A8A686CB2B763202002E38ED /* Debug */ = {
			isa = XCBuildConfiguration;
			buildSettings = {
				ALWAYS_EMBED_SWIFT_STANDARD_LIBRARIES = YES;
				CODE_SIGN_STYLE = Automatic;
				CURRENT_PROJECT_VERSION = 1;
				DEVELOPMENT_TEAM = 3D4XJYMDD2;
				GENERATE_INFOPLIST_FILE = YES;
				MARKETING_VERSION = 1.0;
				PRODUCT_BUNDLE_IDENTIFIER = "iraklinozadze2509-gmail.com.CastGalleryUITests";
				PRODUCT_NAME = "$(TARGET_NAME)";
				SWIFT_EMIT_LOC_STRINGS = NO;
				SWIFT_VERSION = 5.0;
				TARGETED_DEVICE_FAMILY = "1,2";
				TEST_TARGET_NAME = CastGallery;
			};
			name = Debug;
		};
		A8A686CC2B763202002E38ED /* Release */ = {
			isa = XCBuildConfiguration;
			buildSettings = {
				ALWAYS_EMBED_SWIFT_STANDARD_LIBRARIES = YES;
				CODE_SIGN_STYLE = Automatic;
				CURRENT_PROJECT_VERSION = 1;
				DEVELOPMENT_TEAM = 3D4XJYMDD2;
				GENERATE_INFOPLIST_FILE = YES;
				MARKETING_VERSION = 1.0;
				PRODUCT_BUNDLE_IDENTIFIER = "iraklinozadze2509-gmail.com.CastGalleryUITests";
				PRODUCT_NAME = "$(TARGET_NAME)";
				SWIFT_EMIT_LOC_STRINGS = NO;
				SWIFT_VERSION = 5.0;
				TARGETED_DEVICE_FAMILY = "1,2";
				TEST_TARGET_NAME = CastGallery;
			};
			name = Release;
		};
/* End XCBuildConfiguration section */

/* Begin XCConfigurationList section */
		A8A686952B7631FF002E38ED /* Build configuration list for PBXProject "CastGallery" */ = {
			isa = XCConfigurationList;
			buildConfigurations = (
				A8A686C22B763202002E38ED /* Debug */,
				A8A686C32B763202002E38ED /* Release */,
			);
			defaultConfigurationIsVisible = 0;
			defaultConfigurationName = Release;
		};
		A8A686C42B763202002E38ED /* Build configuration list for PBXNativeTarget "CastGallery" */ = {
			isa = XCConfigurationList;
			buildConfigurations = (
				A8A686C52B763202002E38ED /* Debug */,
				A8A686C62B763202002E38ED /* Release */,
			);
			defaultConfigurationIsVisible = 0;
			defaultConfigurationName = Release;
		};
		A8A686C72B763202002E38ED /* Build configuration list for PBXNativeTarget "CastGalleryTests" */ = {
			isa = XCConfigurationList;
			buildConfigurations = (
				A8A686C82B763202002E38ED /* Debug */,
				A8A686C92B763202002E38ED /* Release */,
			);
			defaultConfigurationIsVisible = 0;
			defaultConfigurationName = Release;
		};
		A8A686CA2B763202002E38ED /* Build configuration list for PBXNativeTarget "CastGalleryUITests" */ = {
			isa = XCConfigurationList;
			buildConfigurations = (
				A8A686CB2B763202002E38ED /* Debug */,
				A8A686CC2B763202002E38ED /* Release */,
			);
			defaultConfigurationIsVisible = 0;
			defaultConfigurationName = Release;
		};
/* End XCConfigurationList section */
	};
	rootObject = A8A686922B7631FF002E38ED /* Project object */;
}
